# This file is automatically @generated by Poetry 1.5.1 and should not be changed by hand.

[[package]]
name = "HornMorphoA"
version = "4.3"
description = "Morphological analyzer/generator for Amharic"
optional = false
python-versions = ">=3"
files = [
    {file = "HornMorphoA-4.3-py3-none-any.whl", hash = "sha256:7743a42b95666d993c31fb2908332075f37f27fb749e2276ffa2f3717182b807"},
]

[package.source]
type = "file"
url = "dist/HornMorphoA-4.3-py3-none-any.whl"

[[package]]
name = "toml"
version = "0.10.2"
description = "Python Library for Tom's Obvious, Minimal Language"
optional = false
python-versions = ">=2.6, !=3.0.*, !=3.1.*, !=3.2.*"
files = [
    {file = "toml-0.10.2-py2.py3-none-any.whl", hash = "sha256:806143ae5bfb6a3c6e736a764057db0e6a0e05e338b5630894a5f779cabb4f9b"},
    {file = "toml-0.10.2.tar.gz", hash = "sha256:b3bda1d108d5dd99f4a20d24d9c348e91c4db7ab1b749200bded2f839ccbe68f"},
]

[metadata]
lock-version = "2.0"
python-versions = "^3.11"
content-hash = "aaf456644eef6c9e747616e01a721316113fb47024800a1737792cd44feca382"
