# This file is automatically @generated by Poetry 1.5.1 and should not be changed by hand.

[[package]]
name = "HornMorphoA"
version = "4.3"
description = "Morphological analyzer/generator for Amharic"
optional = false
python-versions = ">=3"
files = [
    {file = "HornMorphoA-4.3-py3-none-any.whl", hash = "sha256:7743a42b95666d993c31fb2908332075f37f27fb749e2276ffa2f3717182b807"},
]

[package.source]
type = "file"
url = "dist/HornMorphoA-4.3-py3-none-any.whl"

[metadata]
lock-version = "2.0"
python-versions = "^3.11"
content-hash = "4a967c23ba45299a44d28a1ef3bd258794ce1162acf6e712da33d1bbce4f8266"
